// !$*UTF8*$!
{
	archiveVersion = 1;
	classes = {
	};
	objectVersion = 51;
	objects = {

/* Begin PBXBuildFile section */
		4FEFD58C9D51E5B551700637 /* Pods_fourmix_system.framework in Frameworks */ = {isa = PBXBuildFile; fileRef = F96F1FBE3810B6BDE17F9DF3 /* Pods_fourmix_system.framework */; };
		A90A9C1E22EFD3D30074B2A8 /* UserSearchController.swift in Sources */ = {isa = PBXBuildFile; fileRef = A90A9C1D22EFD3D30074B2A8 /* UserSearchController.swift */; };
		A90A9C2022EFD47D0074B2A8 /* UserExtensions.swift in Sources */ = {isa = PBXBuildFile; fileRef = A90A9C1F22EFD47D0074B2A8 /* UserExtensions.swift */; };
		A90A9C2222EFDDE70074B2A8 /* DailyViewController.swift in Sources */ = {isa = PBXBuildFile; fileRef = A90A9C2122EFDDE70074B2A8 /* DailyViewController.swift */; };
		A931997822EA8BE9003C1F30 /* Daily.storyboard in Resources */ = {isa = PBXBuildFile; fileRef = A931997722EA8BE9003C1F30 /* Daily.storyboard */; };
		A931997A22EA8C02003C1F30 /* DailyView.storyboard in Resources */ = {isa = PBXBuildFile; fileRef = A931997922EA8C02003C1F30 /* DailyView.storyboard */; };
		A931997C22EA8C1B003C1F30 /* Analytics.storyboard in Resources */ = {isa = PBXBuildFile; fileRef = A931997B22EA8C1B003C1F30 /* Analytics.storyboard */; };
		A931997E22EA8C2B003C1F30 /* Settings.storyboard in Resources */ = {isa = PBXBuildFile; fileRef = A931997D22EA8C2B003C1F30 /* Settings.storyboard */; };
		A931998022EA9690003C1F30 /* SettingsController.swift in Sources */ = {isa = PBXBuildFile; fileRef = A931997F22EA9690003C1F30 /* SettingsController.swift */; };
		A93F97DA22E97868007D7004 /* Login.storyboard in Resources */ = {isa = PBXBuildFile; fileRef = A93F97D922E97868007D7004 /* Login.storyboard */; };
		A94B6D3722E985C300E1C384 /* LoginController.swift in Sources */ = {isa = PBXBuildFile; fileRef = A94B6D3622E985C300E1C384 /* LoginController.swift */; };
		A9B5A9AD22E99FB000D892AE /* AuthService.swift in Sources */ = {isa = PBXBuildFile; fileRef = A9B5A9AC22E99FB000D892AE /* AuthService.swift */; };
		A9B5A9B022E9A34000D892AE /* Token.swift in Sources */ = {isa = PBXBuildFile; fileRef = A9B5A9AF22E9A34000D892AE /* Token.swift */; };
		A9B5A9B222E9A57200D892AE /* NotificationService.swift in Sources */ = {isa = PBXBuildFile; fileRef = A9B5A9B122E9A57200D892AE /* NotificationService.swift */; };
		A9FF3E2522EEAF49009F86B3 /* ProjectPreUserAnalysis.swift in Sources */ = {isa = PBXBuildFile; fileRef = A9FF3E1A22EEAF49009F86B3 /* ProjectPreUserAnalysis.swift */; };
		A9FF3E2622EEAF49009F86B3 /* Daily.swift in Sources */ = {isa = PBXBuildFile; fileRef = A9FF3E1B22EEAF49009F86B3 /* Daily.swift */; };
		A9FF3E2722EEAF49009F86B3 /* UserPreProjectAnalysis.swift in Sources */ = {isa = PBXBuildFile; fileRef = A9FF3E1C22EEAF49009F86B3 /* UserPreProjectAnalysis.swift */; };
		A9FF3E2822EEAF49009F86B3 /* Department.swift in Sources */ = {isa = PBXBuildFile; fileRef = A9FF3E1D22EEAF49009F86B3 /* Department.swift */; };
		A9FF3E2922EEAF49009F86B3 /* User.swift in Sources */ = {isa = PBXBuildFile; fileRef = A9FF3E1E22EEAF49009F86B3 /* User.swift */; };
		A9FF3E2A22EEAF49009F86B3 /* Customer.swift in Sources */ = {isa = PBXBuildFile; fileRef = A9FF3E1F22EEAF49009F86B3 /* Customer.swift */; };
		A9FF3E2B22EEAF49009F86B3 /* WorkTypePreProjectAnalysis.swift in Sources */ = {isa = PBXBuildFile; fileRef = A9FF3E2022EEAF49009F86B3 /* WorkTypePreProjectAnalysis.swift */; };
		A9FF3E2C22EEAF49009F86B3 /* WorkTypePreUserAnalysis.swift in Sources */ = {isa = PBXBuildFile; fileRef = A9FF3E2122EEAF49009F86B3 /* WorkTypePreUserAnalysis.swift */; };
		A9FF3E2D22EEAF49009F86B3 /* Project.swift in Sources */ = {isa = PBXBuildFile; fileRef = A9FF3E2222EEAF49009F86B3 /* Project.swift */; };
		A9FF3E2E22EEAF49009F86B3 /* JobType.swift in Sources */ = {isa = PBXBuildFile; fileRef = A9FF3E2322EEAF49009F86B3 /* JobType.swift */; };
		A9FF3E2F22EEAF49009F86B3 /* WorkType.swift in Sources */ = {isa = PBXBuildFile; fileRef = A9FF3E2422EEAF49009F86B3 /* WorkType.swift */; };
		A9FF3E3122EEAF67009F86B3 /* NetworkService.swift in Sources */ = {isa = PBXBuildFile; fileRef = A9FF3E3022EEAF67009F86B3 /* NetworkService.swift */; };
		CB4034DF22EFCE62003FD4B5 /* DailyCell.swift in Sources */ = {isa = PBXBuildFile; fileRef = CB4034DE22EFCE62003FD4B5 /* DailyCell.swift */; };
		CB4034E122EFDBE5003FD4B5 /* DailyController.swift in Sources */ = {isa = PBXBuildFile; fileRef = CB4034E022EFDBE5003FD4B5 /* DailyController.swift */; };
		F2E09A4A22E94AF3003808A4 /* AppDelegate.swift in Sources */ = {isa = PBXBuildFile; fileRef = F2E09A4922E94AF3003808A4 /* AppDelegate.swift */; };
		F2E09A4F22E94AF3003808A4 /* Main.storyboard in Resources */ = {isa = PBXBuildFile; fileRef = F2E09A4D22E94AF3003808A4 /* Main.storyboard */; };
		F2E09A5122E94AF5003808A4 /* Assets.xcassets in Resources */ = {isa = PBXBuildFile; fileRef = F2E09A5022E94AF5003808A4 /* Assets.xcassets */; };
		F2E09A5422E94AF5003808A4 /* LaunchScreen.storyboard in Resources */ = {isa = PBXBuildFile; fileRef = F2E09A5222E94AF5003808A4 /* LaunchScreen.storyboard */; };
/* End PBXBuildFile section */

/* Begin PBXFileReference section */
		5D6BAA10E60958B819F0E2BD /* Pods-fourmix-system.debug.xcconfig */ = {isa = PBXFileReference; includeInIndex = 1; lastKnownFileType = text.xcconfig; name = "Pods-fourmix-system.debug.xcconfig"; path = "Target Support Files/Pods-fourmix-system/Pods-fourmix-system.debug.xcconfig"; sourceTree = "<group>"; };
		83276471EDB70B14815CF23E /* Pods-fourmix-system.release.xcconfig */ = {isa = PBXFileReference; includeInIndex = 1; lastKnownFileType = text.xcconfig; name = "Pods-fourmix-system.release.xcconfig"; path = "Target Support Files/Pods-fourmix-system/Pods-fourmix-system.release.xcconfig"; sourceTree = "<group>"; };
		A90A9C1D22EFD3D30074B2A8 /* UserSearchController.swift */ = {isa = PBXFileReference; lastKnownFileType = sourcecode.swift; path = UserSearchController.swift; sourceTree = "<group>"; };
		A90A9C1F22EFD47D0074B2A8 /* UserExtensions.swift */ = {isa = PBXFileReference; lastKnownFileType = sourcecode.swift; path = UserExtensions.swift; sourceTree = "<group>"; };
		A90A9C2122EFDDE70074B2A8 /* DailyViewController.swift */ = {isa = PBXFileReference; lastKnownFileType = sourcecode.swift; path = DailyViewController.swift; sourceTree = "<group>"; };
		A90E6A9522EAD08900FC6443 /* fourmix-system.xcodeproj */ = {isa = PBXFileReference; lastKnownFileType = "wrapper.pb-project"; name = "fourmix-system.xcodeproj"; path = "../../../Desktop/fourmix-system.xcodeproj"; sourceTree = "<group>"; };
		A931997722EA8BE9003C1F30 /* Daily.storyboard */ = {isa = PBXFileReference; lastKnownFileType = file.storyboard; path = Daily.storyboard; sourceTree = "<group>"; };
		A931997922EA8C02003C1F30 /* DailyView.storyboard */ = {isa = PBXFileReference; lastKnownFileType = file.storyboard; path = DailyView.storyboard; sourceTree = "<group>"; };
		A931997B22EA8C1B003C1F30 /* Analytics.storyboard */ = {isa = PBXFileReference; lastKnownFileType = file.storyboard; path = Analytics.storyboard; sourceTree = "<group>"; };
		A931997D22EA8C2B003C1F30 /* Settings.storyboard */ = {isa = PBXFileReference; lastKnownFileType = file.storyboard; path = Settings.storyboard; sourceTree = "<group>"; };
		A931997F22EA9690003C1F30 /* SettingsController.swift */ = {isa = PBXFileReference; lastKnownFileType = sourcecode.swift; path = SettingsController.swift; sourceTree = "<group>"; };
		A93F97D922E97868007D7004 /* Login.storyboard */ = {isa = PBXFileReference; lastKnownFileType = file.storyboard; path = Login.storyboard; sourceTree = "<group>"; };
		A94B6D3622E985C300E1C384 /* LoginController.swift */ = {isa = PBXFileReference; lastKnownFileType = sourcecode.swift; path = LoginController.swift; sourceTree = "<group>"; };
		A9B5A9AC22E99FB000D892AE /* AuthService.swift */ = {isa = PBXFileReference; lastKnownFileType = sourcecode.swift; path = AuthService.swift; sourceTree = "<group>"; };
		A9B5A9AF22E9A34000D892AE /* Token.swift */ = {isa = PBXFileReference; lastKnownFileType = sourcecode.swift; path = Token.swift; sourceTree = "<group>"; };
		A9B5A9B122E9A57200D892AE /* NotificationService.swift */ = {isa = PBXFileReference; lastKnownFileType = sourcecode.swift; path = NotificationService.swift; sourceTree = "<group>"; };
		A9FF3E1A22EEAF49009F86B3 /* ProjectPreUserAnalysis.swift */ = {isa = PBXFileReference; fileEncoding = 4; lastKnownFileType = sourcecode.swift; path = ProjectPreUserAnalysis.swift; sourceTree = "<group>"; };
		A9FF3E1B22EEAF49009F86B3 /* Daily.swift */ = {isa = PBXFileReference; fileEncoding = 4; lastKnownFileType = sourcecode.swift; path = Daily.swift; sourceTree = "<group>"; };
		A9FF3E1C22EEAF49009F86B3 /* UserPreProjectAnalysis.swift */ = {isa = PBXFileReference; fileEncoding = 4; lastKnownFileType = sourcecode.swift; path = UserPreProjectAnalysis.swift; sourceTree = "<group>"; };
		A9FF3E1D22EEAF49009F86B3 /* Department.swift */ = {isa = PBXFileReference; fileEncoding = 4; lastKnownFileType = sourcecode.swift; path = Department.swift; sourceTree = "<group>"; };
		A9FF3E1E22EEAF49009F86B3 /* User.swift */ = {isa = PBXFileReference; fileEncoding = 4; lastKnownFileType = sourcecode.swift; path = User.swift; sourceTree = "<group>"; };
		A9FF3E1F22EEAF49009F86B3 /* Customer.swift */ = {isa = PBXFileReference; fileEncoding = 4; lastKnownFileType = sourcecode.swift; path = Customer.swift; sourceTree = "<group>"; };
		A9FF3E2022EEAF49009F86B3 /* WorkTypePreProjectAnalysis.swift */ = {isa = PBXFileReference; fileEncoding = 4; lastKnownFileType = sourcecode.swift; path = WorkTypePreProjectAnalysis.swift; sourceTree = "<group>"; };
		A9FF3E2122EEAF49009F86B3 /* WorkTypePreUserAnalysis.swift */ = {isa = PBXFileReference; fileEncoding = 4; lastKnownFileType = sourcecode.swift; path = WorkTypePreUserAnalysis.swift; sourceTree = "<group>"; };
		A9FF3E2222EEAF49009F86B3 /* Project.swift */ = {isa = PBXFileReference; fileEncoding = 4; lastKnownFileType = sourcecode.swift; path = Project.swift; sourceTree = "<group>"; };
		A9FF3E2322EEAF49009F86B3 /* JobType.swift */ = {isa = PBXFileReference; fileEncoding = 4; lastKnownFileType = sourcecode.swift; path = JobType.swift; sourceTree = "<group>"; };
		A9FF3E2422EEAF49009F86B3 /* WorkType.swift */ = {isa = PBXFileReference; fileEncoding = 4; lastKnownFileType = sourcecode.swift; path = WorkType.swift; sourceTree = "<group>"; };
		A9FF3E3022EEAF67009F86B3 /* NetworkService.swift */ = {isa = PBXFileReference; fileEncoding = 4; lastKnownFileType = sourcecode.swift; path = NetworkService.swift; sourceTree = "<group>"; };
		CB4034DE22EFCE62003FD4B5 /* DailyCell.swift */ = {isa = PBXFileReference; lastKnownFileType = sourcecode.swift; path = DailyCell.swift; sourceTree = "<group>"; };
		CB4034E022EFDBE5003FD4B5 /* DailyController.swift */ = {isa = PBXFileReference; lastKnownFileType = sourcecode.swift; path = DailyController.swift; sourceTree = "<group>"; };
		F2E09A4622E94AF3003808A4 /* fourmix-system.app */ = {isa = PBXFileReference; explicitFileType = wrapper.application; includeInIndex = 0; path = "fourmix-system.app"; sourceTree = BUILT_PRODUCTS_DIR; };
		F2E09A4922E94AF3003808A4 /* AppDelegate.swift */ = {isa = PBXFileReference; lastKnownFileType = sourcecode.swift; path = AppDelegate.swift; sourceTree = "<group>"; };
		F2E09A4E22E94AF3003808A4 /* Base */ = {isa = PBXFileReference; lastKnownFileType = file.storyboard; name = Base; path = Base.lproj/Main.storyboard; sourceTree = "<group>"; };
		F2E09A5022E94AF5003808A4 /* Assets.xcassets */ = {isa = PBXFileReference; lastKnownFileType = folder.assetcatalog; path = Assets.xcassets; sourceTree = "<group>"; };
		F2E09A5322E94AF5003808A4 /* Base */ = {isa = PBXFileReference; lastKnownFileType = file.storyboard; name = Base; path = Base.lproj/LaunchScreen.storyboard; sourceTree = "<group>"; };
		F2E09A5522E94AF5003808A4 /* Info.plist */ = {isa = PBXFileReference; lastKnownFileType = text.plist.xml; path = Info.plist; sourceTree = "<group>"; };
		F96F1FBE3810B6BDE17F9DF3 /* Pods_fourmix_system.framework */ = {isa = PBXFileReference; explicitFileType = wrapper.framework; includeInIndex = 0; path = Pods_fourmix_system.framework; sourceTree = BUILT_PRODUCTS_DIR; };
/* End PBXFileReference section */

/* Begin PBXFrameworksBuildPhase section */
		F2E09A4322E94AF3003808A4 /* Frameworks */ = {
			isa = PBXFrameworksBuildPhase;
			buildActionMask = 2147483647;
			files = (
				4FEFD58C9D51E5B551700637 /* Pods_fourmix_system.framework in Frameworks */,
			);
			runOnlyForDeploymentPostprocessing = 0;
		};
/* End PBXFrameworksBuildPhase section */

/* Begin PBXGroup section */
		A90A9C1C22EFD37B0074B2A8 /* DailySearchControllers */ = {
			isa = PBXGroup;
			children = (
				A90A9C1D22EFD3D30074B2A8 /* UserSearchController.swift */,
			);
			path = DailySearchControllers;
			sourceTree = "<group>";
		};
		A93F97D722E97810007D7004 /* Views */ = {
			isa = PBXGroup;
			children = (
				F2E09A4D22E94AF3003808A4 /* Main.storyboard */,
				A93F97D922E97868007D7004 /* Login.storyboard */,
				A931997722EA8BE9003C1F30 /* Daily.storyboard */,
				A931997922EA8C02003C1F30 /* DailyView.storyboard */,
				A931997B22EA8C1B003C1F30 /* Analytics.storyboard */,
				A931997D22EA8C2B003C1F30 /* Settings.storyboard */,
			);
			path = Views;
			sourceTree = "<group>";
		};
		A93F97D822E97823007D7004 /* Controllers */ = {
			isa = PBXGroup;
			children = (
				A90A9C1C22EFD37B0074B2A8 /* DailySearchControllers */,
				A94B6D3622E985C300E1C384 /* LoginController.swift */,
				A931997F22EA9690003C1F30 /* SettingsController.swift */,
				A90A9C2122EFDDE70074B2A8 /* DailyViewController.swift */,
				CB4034E022EFDBE5003FD4B5 /* DailyController.swift */,
			);
			path = Controllers;
			sourceTree = "<group>";
		};
		A9B5A9AB22E99F7F00D892AE /* Services */ = {
			isa = PBXGroup;
			children = (
				A9FF3E3022EEAF67009F86B3 /* NetworkService.swift */,
				A9B5A9AC22E99FB000D892AE /* AuthService.swift */,
				A9B5A9B122E9A57200D892AE /* NotificationService.swift */,
			);
			path = Services;
			sourceTree = "<group>";
		};
		A9B5A9AE22E9A30E00D892AE /* Models */ = {
			isa = PBXGroup;
			children = (
				A9B5A9AF22E9A34000D892AE /* Token.swift */,
				A90A9C1F22EFD47D0074B2A8 /* UserExtensions.swift */,
			);
			path = Models;
			sourceTree = "<group>";
		};
		A9FF3E1822EEAF11009F86B3 /* Shared */ = {
			isa = PBXGroup;
			children = (
				A9FF3E1922EEAF2F009F86B3 /* Models */,
			);
			path = Shared;
			sourceTree = "<group>";
		};
		A9FF3E1922EEAF2F009F86B3 /* Models */ = {
			isa = PBXGroup;
			children = (
				A9FF3E1F22EEAF49009F86B3 /* Customer.swift */,
				A9FF3E1B22EEAF49009F86B3 /* Daily.swift */,
				A9FF3E1D22EEAF49009F86B3 /* Department.swift */,
				A9FF3E2322EEAF49009F86B3 /* JobType.swift */,
				A9FF3E2222EEAF49009F86B3 /* Project.swift */,
				A9FF3E1A22EEAF49009F86B3 /* ProjectPreUserAnalysis.swift */,
				A9FF3E1E22EEAF49009F86B3 /* User.swift */,
				A9FF3E1C22EEAF49009F86B3 /* UserPreProjectAnalysis.swift */,
				A9FF3E2422EEAF49009F86B3 /* WorkType.swift */,
				A9FF3E2022EEAF49009F86B3 /* WorkTypePreProjectAnalysis.swift */,
				A9FF3E2122EEAF49009F86B3 /* WorkTypePreUserAnalysis.swift */,
			);
			path = Models;
			sourceTree = "<group>";
		};
		B1D2E8E6F83EBDE5246C0D4D /* Pods */ = {
			isa = PBXGroup;
			children = (
				5D6BAA10E60958B819F0E2BD /* Pods-fourmix-system.debug.xcconfig */,
				83276471EDB70B14815CF23E /* Pods-fourmix-system.release.xcconfig */,
			);
			path = Pods;
			sourceTree = "<group>";
		};
		B6C35232CBC664C324AA565B /* Frameworks */ = {
			isa = PBXGroup;
			children = (
				F96F1FBE3810B6BDE17F9DF3 /* Pods_fourmix_system.framework */,
			);
			name = Frameworks;
			sourceTree = "<group>";
		};
		CB4034D922EFCCDF003FD4B5 /* Cells */ = {
			isa = PBXGroup;
			children = (
				CB4034DE22EFCE62003FD4B5 /* DailyCell.swift */,
			);
			path = Cells;
			sourceTree = "<group>";
		};
		F2E09A3D22E94AF3003808A4 = {
			isa = PBXGroup;
			children = (
				A9FF3E1822EEAF11009F86B3 /* Shared */,
				A90E6A9522EAD08900FC6443 /* fourmix-system.xcodeproj */,
				F2E09A4822E94AF3003808A4 /* fourmix-system */,
				F2E09A4722E94AF3003808A4 /* Products */,
				B1D2E8E6F83EBDE5246C0D4D /* Pods */,
				B6C35232CBC664C324AA565B /* Frameworks */,
			);
			sourceTree = "<group>";
		};
		F2E09A4722E94AF3003808A4 /* Products */ = {
			isa = PBXGroup;
			children = (
				F2E09A4622E94AF3003808A4 /* fourmix-system.app */,
			);
			name = Products;
			sourceTree = "<group>";
		};
		F2E09A4822E94AF3003808A4 /* fourmix-system */ = {
			isa = PBXGroup;
			children = (
				CB4034D922EFCCDF003FD4B5 /* Cells */,
				A9B5A9AE22E9A30E00D892AE /* Models */,
				A9B5A9AB22E99F7F00D892AE /* Services */,
				A93F97D822E97823007D7004 /* Controllers */,
				A93F97D722E97810007D7004 /* Views */,
				F2E09A4922E94AF3003808A4 /* AppDelegate.swift */,
				F2E09A5022E94AF5003808A4 /* Assets.xcassets */,
				F2E09A5222E94AF5003808A4 /* LaunchScreen.storyboard */,
				F2E09A5522E94AF5003808A4 /* Info.plist */,
			);
			path = "fourmix-system";
			sourceTree = "<group>";
		};
/* End PBXGroup section */

/* Begin PBXNativeTarget section */
		F2E09A4522E94AF3003808A4 /* fourmix-system */ = {
			isa = PBXNativeTarget;
			buildConfigurationList = F2E09A5822E94AF5003808A4 /* Build configuration list for PBXNativeTarget "fourmix-system" */;
			buildPhases = (
				7DE77B9F44AD20EB7F6CC7FF /* [CP] Check Pods Manifest.lock */,
				F2E09A4222E94AF3003808A4 /* Sources */,
				F2E09A4322E94AF3003808A4 /* Frameworks */,
				F2E09A4422E94AF3003808A4 /* Resources */,
				37851BD318C073FB39AA793E /* [CP] Embed Pods Frameworks */,
			);
			buildRules = (
			);
			dependencies = (
			);
			name = "fourmix-system";
			productName = "fourmix-system";
			productReference = F2E09A4622E94AF3003808A4 /* fourmix-system.app */;
			productType = "com.apple.product-type.application";
		};
/* End PBXNativeTarget section */

/* Begin PBXProject section */
		F2E09A3E22E94AF3003808A4 /* Project object */ = {
			isa = PBXProject;
			attributes = {
				LastSwiftUpdateCheck = 1030;
				LastUpgradeCheck = 1030;
				ORGANIZATIONNAME = Fourmix;
				TargetAttributes = {
					F2E09A4522E94AF3003808A4 = {
						CreatedOnToolsVersion = 10.3;
					};
				};
			};
			buildConfigurationList = F2E09A4122E94AF3003808A4 /* Build configuration list for PBXProject "fourmix-system" */;
			compatibilityVersion = "Xcode 9.3";
			developmentRegion = en;
			hasScannedForEncodings = 0;
			knownRegions = (
				en,
				Base,
			);
			mainGroup = F2E09A3D22E94AF3003808A4;
			productRefGroup = F2E09A4722E94AF3003808A4 /* Products */;
			projectDirPath = "";
			projectRoot = "";
			targets = (
				F2E09A4522E94AF3003808A4 /* fourmix-system */,
			);
		};
/* End PBXProject section */

/* Begin PBXResourcesBuildPhase section */
		F2E09A4422E94AF3003808A4 /* Resources */ = {
			isa = PBXResourcesBuildPhase;
			buildActionMask = 2147483647;
			files = (
				A93F97DA22E97868007D7004 /* Login.storyboard in Resources */,
				F2E09A5422E94AF5003808A4 /* LaunchScreen.storyboard in Resources */,
				F2E09A5122E94AF5003808A4 /* Assets.xcassets in Resources */,
				A931997E22EA8C2B003C1F30 /* Settings.storyboard in Resources */,
				F2E09A4F22E94AF3003808A4 /* Main.storyboard in Resources */,
				A931997C22EA8C1B003C1F30 /* Analytics.storyboard in Resources */,
				A931997822EA8BE9003C1F30 /* Daily.storyboard in Resources */,
				A931997A22EA8C02003C1F30 /* DailyView.storyboard in Resources */,
			);
			runOnlyForDeploymentPostprocessing = 0;
		};
/* End PBXResourcesBuildPhase section */

/* Begin PBXShellScriptBuildPhase section */
		37851BD318C073FB39AA793E /* [CP] Embed Pods Frameworks */ = {
			isa = PBXShellScriptBuildPhase;
			buildActionMask = 2147483647;
			files = (
			);
			inputFileListPaths = (
				"${PODS_ROOT}/Target Support Files/Pods-fourmix-system/Pods-fourmix-system-frameworks-${CONFIGURATION}-input-files.xcfilelist",
			);
			name = "[CP] Embed Pods Frameworks";
			outputFileListPaths = (
				"${PODS_ROOT}/Target Support Files/Pods-fourmix-system/Pods-fourmix-system-frameworks-${CONFIGURATION}-output-files.xcfilelist",
			);
			runOnlyForDeploymentPostprocessing = 0;
			shellPath = /bin/sh;
			shellScript = "\"${PODS_ROOT}/Target Support Files/Pods-fourmix-system/Pods-fourmix-system-frameworks.sh\"\n";
			showEnvVarsInLog = 0;
		};
		7DE77B9F44AD20EB7F6CC7FF /* [CP] Check Pods Manifest.lock */ = {
			isa = PBXShellScriptBuildPhase;
			buildActionMask = 2147483647;
			files = (
			);
			inputFileListPaths = (
			);
			inputPaths = (
				"${PODS_PODFILE_DIR_PATH}/Podfile.lock",
				"${PODS_ROOT}/Manifest.lock",
			);
			name = "[CP] Check Pods Manifest.lock";
			outputFileListPaths = (
			);
			outputPaths = (
				"$(DERIVED_FILE_DIR)/Pods-fourmix-system-checkManifestLockResult.txt",
			);
			runOnlyForDeploymentPostprocessing = 0;
			shellPath = /bin/sh;
			shellScript = "diff \"${PODS_PODFILE_DIR_PATH}/Podfile.lock\" \"${PODS_ROOT}/Manifest.lock\" > /dev/null\nif [ $? != 0 ] ; then\n    # print error to STDERR\n    echo \"error: The sandbox is not in sync with the Podfile.lock. Run 'pod install' or update your CocoaPods installation.\" >&2\n    exit 1\nfi\n# This output is used by Xcode 'outputs' to avoid re-running this script phase.\necho \"SUCCESS\" > \"${SCRIPT_OUTPUT_FILE_0}\"\n";
			showEnvVarsInLog = 0;
		};
/* End PBXShellScriptBuildPhase section */

/* Begin PBXSourcesBuildPhase section */
		F2E09A4222E94AF3003808A4 /* Sources */ = {
			isa = PBXSourcesBuildPhase;
			buildActionMask = 2147483647;
			files = (
				A931998022EA9690003C1F30 /* SettingsController.swift in Sources */,
				A9FF3E2622EEAF49009F86B3 /* Daily.swift in Sources */,
				A9FF3E2722EEAF49009F86B3 /* UserPreProjectAnalysis.swift in Sources */,
				CB4034E122EFDBE5003FD4B5 /* DailyController.swift in Sources */,
				A9FF3E2A22EEAF49009F86B3 /* Customer.swift in Sources */,
				A9FF3E3122EEAF67009F86B3 /* NetworkService.swift in Sources */,
				A9B5A9AD22E99FB000D892AE /* AuthService.swift in Sources */,
				A90A9C1E22EFD3D30074B2A8 /* UserSearchController.swift in Sources */,
				A9FF3E2E22EEAF49009F86B3 /* JobType.swift in Sources */,
				F2E09A4A22E94AF3003808A4 /* AppDelegate.swift in Sources */,
				A9FF3E2F22EEAF49009F86B3 /* WorkType.swift in Sources */,
				A90A9C2022EFD47D0074B2A8 /* UserExtensions.swift in Sources */,
				A9FF3E2522EEAF49009F86B3 /* ProjectPreUserAnalysis.swift in Sources */,
				A9FF3E2C22EEAF49009F86B3 /* WorkTypePreUserAnalysis.swift in Sources */,
				CB4034DF22EFCE62003FD4B5 /* DailyCell.swift in Sources */,
				A9FF3E2D22EEAF49009F86B3 /* Project.swift in Sources */,
				A90A9C2222EFDDE70074B2A8 /* DailyViewController.swift in Sources */,
				A94B6D3722E985C300E1C384 /* LoginController.swift in Sources */,
				A9FF3E2822EEAF49009F86B3 /* Department.swift in Sources */,
				A9B5A9B222E9A57200D892AE /* NotificationService.swift in Sources */,
				A9B5A9B022E9A34000D892AE /* Token.swift in Sources */,
				A9FF3E2922EEAF49009F86B3 /* User.swift in Sources */,
				A9FF3E2B22EEAF49009F86B3 /* WorkTypePreProjectAnalysis.swift in Sources */,
			);
			runOnlyForDeploymentPostprocessing = 0;
		};
/* End PBXSourcesBuildPhase section */

/* Begin PBXVariantGroup section */
		F2E09A4D22E94AF3003808A4 /* Main.storyboard */ = {
			isa = PBXVariantGroup;
			children = (
				F2E09A4E22E94AF3003808A4 /* Base */,
			);
			name = Main.storyboard;
			sourceTree = "<group>";
		};
		F2E09A5222E94AF5003808A4 /* LaunchScreen.storyboard */ = {
			isa = PBXVariantGroup;
			children = (
				F2E09A5322E94AF5003808A4 /* Base */,
			);
			name = LaunchScreen.storyboard;
			sourceTree = "<group>";
		};
/* End PBXVariantGroup section */

/* Begin XCBuildConfiguration section */
		F2E09A5622E94AF5003808A4 /* Debug */ = {
			isa = XCBuildConfiguration;
			buildSettings = {
				ALWAYS_SEARCH_USER_PATHS = NO;
				CLANG_ANALYZER_NONNULL = YES;
				CLANG_ANALYZER_NUMBER_OBJECT_CONVERSION = YES_AGGRESSIVE;
				CLANG_CXX_LANGUAGE_STANDARD = "gnu++14";
				CLANG_CXX_LIBRARY = "libc++";
				CLANG_ENABLE_MODULES = YES;
				CLANG_ENABLE_OBJC_ARC = YES;
				CLANG_ENABLE_OBJC_WEAK = YES;
				CLANG_WARN_BLOCK_CAPTURE_AUTORELEASING = YES;
				CLANG_WARN_BOOL_CONVERSION = YES;
				CLANG_WARN_COMMA = YES;
				CLANG_WARN_CONSTANT_CONVERSION = YES;
				CLANG_WARN_DEPRECATED_OBJC_IMPLEMENTATIONS = YES;
				CLANG_WARN_DIRECT_OBJC_ISA_USAGE = YES_ERROR;
				CLANG_WARN_DOCUMENTATION_COMMENTS = YES;
				CLANG_WARN_EMPTY_BODY = YES;
				CLANG_WARN_ENUM_CONVERSION = YES;
				CLANG_WARN_INFINITE_RECURSION = YES;
				CLANG_WARN_INT_CONVERSION = YES;
				CLANG_WARN_NON_LITERAL_NULL_CONVERSION = YES;
				CLANG_WARN_OBJC_IMPLICIT_RETAIN_SELF = YES;
				CLANG_WARN_OBJC_LITERAL_CONVERSION = YES;
				CLANG_WARN_OBJC_ROOT_CLASS = YES_ERROR;
				CLANG_WARN_RANGE_LOOP_ANALYSIS = YES;
				CLANG_WARN_STRICT_PROTOTYPES = YES;
				CLANG_WARN_SUSPICIOUS_MOVE = YES;
				CLANG_WARN_UNGUARDED_AVAILABILITY = YES_AGGRESSIVE;
				CLANG_WARN_UNREACHABLE_CODE = YES;
				CLANG_WARN__DUPLICATE_METHOD_MATCH = YES;
				CODE_SIGN_IDENTITY = "iPhone Developer";
				COPY_PHASE_STRIP = NO;
				DEBUG_INFORMATION_FORMAT = dwarf;
				ENABLE_STRICT_OBJC_MSGSEND = YES;
				ENABLE_TESTABILITY = YES;
				GCC_C_LANGUAGE_STANDARD = gnu11;
				GCC_DYNAMIC_NO_PIC = NO;
				GCC_NO_COMMON_BLOCKS = YES;
				GCC_OPTIMIZATION_LEVEL = 0;
				GCC_PREPROCESSOR_DEFINITIONS = (
					"DEBUG=1",
					"$(inherited)",
				);
				GCC_WARN_64_TO_32_BIT_CONVERSION = YES;
				GCC_WARN_ABOUT_RETURN_TYPE = YES_ERROR;
				GCC_WARN_UNDECLARED_SELECTOR = YES;
				GCC_WARN_UNINITIALIZED_AUTOS = YES_AGGRESSIVE;
				GCC_WARN_UNUSED_FUNCTION = YES;
				GCC_WARN_UNUSED_VARIABLE = YES;
				IPHONEOS_DEPLOYMENT_TARGET = 12.4;
				MTL_ENABLE_DEBUG_INFO = INCLUDE_SOURCE;
				MTL_FAST_MATH = YES;
				ONLY_ACTIVE_ARCH = YES;
				SDKROOT = iphoneos;
				SWIFT_ACTIVE_COMPILATION_CONDITIONS = DEBUG;
				SWIFT_OPTIMIZATION_LEVEL = "-Onone";
			};
			name = Debug;
		};
		F2E09A5722E94AF5003808A4 /* Release */ = {
			isa = XCBuildConfiguration;
			buildSettings = {
				ALWAYS_SEARCH_USER_PATHS = NO;
				CLANG_ANALYZER_NONNULL = YES;
				CLANG_ANALYZER_NUMBER_OBJECT_CONVERSION = YES_AGGRESSIVE;
				CLANG_CXX_LANGUAGE_STANDARD = "gnu++14";
				CLANG_CXX_LIBRARY = "libc++";
				CLANG_ENABLE_MODULES = YES;
				CLANG_ENABLE_OBJC_ARC = YES;
				CLANG_ENABLE_OBJC_WEAK = YES;
				CLANG_WARN_BLOCK_CAPTURE_AUTORELEASING = YES;
				CLANG_WARN_BOOL_CONVERSION = YES;
				CLANG_WARN_COMMA = YES;
				CLANG_WARN_CONSTANT_CONVERSION = YES;
				CLANG_WARN_DEPRECATED_OBJC_IMPLEMENTATIONS = YES;
				CLANG_WARN_DIRECT_OBJC_ISA_USAGE = YES_ERROR;
				CLANG_WARN_DOCUMENTATION_COMMENTS = YES;
				CLANG_WARN_EMPTY_BODY = YES;
				CLANG_WARN_ENUM_CONVERSION = YES;
				CLANG_WARN_INFINITE_RECURSION = YES;
				CLANG_WARN_INT_CONVERSION = YES;
				CLANG_WARN_NON_LITERAL_NULL_CONVERSION = YES;
				CLANG_WARN_OBJC_IMPLICIT_RETAIN_SELF = YES;
				CLANG_WARN_OBJC_LITERAL_CONVERSION = YES;
				CLANG_WARN_OBJC_ROOT_CLASS = YES_ERROR;
				CLANG_WARN_RANGE_LOOP_ANALYSIS = YES;
				CLANG_WARN_STRICT_PROTOTYPES = YES;
				CLANG_WARN_SUSPICIOUS_MOVE = YES;
				CLANG_WARN_UNGUARDED_AVAILABILITY = YES_AGGRESSIVE;
				CLANG_WARN_UNREACHABLE_CODE = YES;
				CLANG_WARN__DUPLICATE_METHOD_MATCH = YES;
				CODE_SIGN_IDENTITY = "iPhone Developer";
				COPY_PHASE_STRIP = NO;
				DEBUG_INFORMATION_FORMAT = "dwarf-with-dsym";
				ENABLE_NS_ASSERTIONS = NO;
				ENABLE_STRICT_OBJC_MSGSEND = YES;
				GCC_C_LANGUAGE_STANDARD = gnu11;
				GCC_NO_COMMON_BLOCKS = YES;
				GCC_WARN_64_TO_32_BIT_CONVERSION = YES;
				GCC_WARN_ABOUT_RETURN_TYPE = YES_ERROR;
				GCC_WARN_UNDECLARED_SELECTOR = YES;
				GCC_WARN_UNINITIALIZED_AUTOS = YES_AGGRESSIVE;
				GCC_WARN_UNUSED_FUNCTION = YES;
				GCC_WARN_UNUSED_VARIABLE = YES;
				IPHONEOS_DEPLOYMENT_TARGET = 12.4;
				MTL_ENABLE_DEBUG_INFO = NO;
				MTL_FAST_MATH = YES;
				SDKROOT = iphoneos;
				SWIFT_COMPILATION_MODE = wholemodule;
				SWIFT_OPTIMIZATION_LEVEL = "-O";
				VALIDATE_PRODUCT = YES;
			};
			name = Release;
		};
		F2E09A5922E94AF5003808A4 /* Debug */ = {
			isa = XCBuildConfiguration;
			baseConfigurationReference = 5D6BAA10E60958B819F0E2BD /* Pods-fourmix-system.debug.xcconfig */;
			buildSettings = {
				ASSETCATALOG_COMPILER_APPICON_NAME = AppIcon;
				CODE_SIGN_STYLE = Automatic;
				DEVELOPMENT_TEAM = 6BYS83G5J2;
				INFOPLIST_FILE = "fourmix-system/Info.plist";
				LD_RUNPATH_SEARCH_PATHS = (
					"$(inherited)",
					"@executable_path/Frameworks",
				);
				PRODUCT_BUNDLE_IDENTIFIER = "jp.co.fourmix.fourmix-system";
				PRODUCT_NAME = "$(TARGET_NAME)";
				SWIFT_VERSION = 5.0;
				TARGETED_DEVICE_FAMILY = "1,2";
			};
			name = Debug;
		};
		F2E09A5A22E94AF5003808A4 /* Release */ = {
			isa = XCBuildConfiguration;
			baseConfigurationReference = 83276471EDB70B14815CF23E /* Pods-fourmix-system.release.xcconfig */;
			buildSettings = {
				ASSETCATALOG_COMPILER_APPICON_NAME = AppIcon;
				CODE_SIGN_STYLE = Automatic;
				DEVELOPMENT_TEAM = 6BYS83G5J2;
				INFOPLIST_FILE = "fourmix-system/Info.plist";
				LD_RUNPATH_SEARCH_PATHS = (
					"$(inherited)",
					"@executable_path/Frameworks",
				);
				PRODUCT_BUNDLE_IDENTIFIER = "jp.co.fourmix.fourmix-system";
				PRODUCT_NAME = "$(TARGET_NAME)";
				SWIFT_VERSION = 5.0;
				TARGETED_DEVICE_FAMILY = "1,2";
			};
			name = Release;
		};
/* End XCBuildConfiguration section */

/* Begin XCConfigurationList section */
		F2E09A4122E94AF3003808A4 /* Build configuration list for PBXProject "fourmix-system" */ = {
			isa = XCConfigurationList;
			buildConfigurations = (
				F2E09A5622E94AF5003808A4 /* Debug */,
				F2E09A5722E94AF5003808A4 /* Release */,
			);
			defaultConfigurationIsVisible = 0;
			defaultConfigurationName = Release;
		};
		F2E09A5822E94AF5003808A4 /* Build configuration list for PBXNativeTarget "fourmix-system" */ = {
			isa = XCConfigurationList;
			buildConfigurations = (
				F2E09A5922E94AF5003808A4 /* Debug */,
				F2E09A5A22E94AF5003808A4 /* Release */,
			);
			defaultConfigurationIsVisible = 0;
			defaultConfigurationName = Release;
		};
/* End XCConfigurationList section */
	};
	rootObject = F2E09A3E22E94AF3003808A4 /* Project object */;
}
